// !$*UTF8*$!
{
	archiveVersion = 1;
	classes = {
	};
	objectVersion = 56;
	objects = {

/* Begin PBXBuildFile section */
		483CF53A2C156499000D7BAB /* Detail.swift in Sources */ = {isa = PBXBuildFile; fileRef = 483CF5392C156499000D7BAB /* Detail.swift */; };
		483CF53C2C156C9D000D7BAB /* Navigation.swift in Sources */ = {isa = PBXBuildFile; fileRef = 483CF53B2C156C9D000D7BAB /* Navigation.swift */; };
		483CF53E2C157DCC000D7BAB /* MyTab.swift in Sources */ = {isa = PBXBuildFile; fileRef = 483CF53D2C157DCC000D7BAB /* MyTab.swift */; };
		483CF5402C1587F0000D7BAB /* TabDetail.swift in Sources */ = {isa = PBXBuildFile; fileRef = 483CF53F2C1587F0000D7BAB /* TabDetail.swift */; };
		483CF5422C158B05000D7BAB /* MyApp.swift in Sources */ = {isa = PBXBuildFile; fileRef = 483CF5412C158B05000D7BAB /* MyApp.swift */; };
		487B6D512C13FE8300C4CC4F /* WarmUpApp.swift in Sources */ = {isa = PBXBuildFile; fileRef = 487B6D502C13FE8300C4CC4F /* WarmUpApp.swift */; };
		487B6D532C13FE8300C4CC4F /* ContentView.swift in Sources */ = {isa = PBXBuildFile; fileRef = 487B6D522C13FE8300C4CC4F /* ContentView.swift */; };
		487B6D552C13FE8400C4CC4F /* Assets.xcassets in Resources */ = {isa = PBXBuildFile; fileRef = 487B6D542C13FE8400C4CC4F /* Assets.xcassets */; };
		487B6D582C13FE8400C4CC4F /* Preview Assets.xcassets in Resources */ = {isa = PBXBuildFile; fileRef = 487B6D572C13FE8400C4CC4F /* Preview Assets.xcassets */; };
		487B6D5F2C14067F00C4CC4F /* SimpleView.swift in Sources */ = {isa = PBXBuildFile; fileRef = 487B6D5E2C14067F00C4CC4F /* SimpleView.swift */; };
		487B6D612C140DDE00C4CC4F /* Layout.swift in Sources */ = {isa = PBXBuildFile; fileRef = 487B6D602C140DDE00C4CC4F /* Layout.swift */; };
		487B6D642C14135800C4CC4F /* MyButton.swift in Sources */ = {isa = PBXBuildFile; fileRef = 487B6D632C14135800C4CC4F /* MyButton.swift */; };
		487B6D662C145CEC00C4CC4F /* Onboarding.swift in Sources */ = {isa = PBXBuildFile; fileRef = 487B6D652C145CEC00C4CC4F /* Onboarding.swift */; };
		487B6D692C146EE500C4CC4F /* ListLoop.swift in Sources */ = {isa = PBXBuildFile; fileRef = 487B6D682C146EE500C4CC4F /* ListLoop.swift */; };
		487B6D6B2C14940900C4CC4F /* Setting.swift in Sources */ = {isa = PBXBuildFile; fileRef = 487B6D6A2C14940900C4CC4F /* Setting.swift */; };
		4881CAA42C156288006CACFE /* Modal.swift in Sources */ = {isa = PBXBuildFile; fileRef = 4881CAA32C156288006CACFE /* Modal.swift */; };
		48947E702C159784006BBAAC /* FirstList.swift in Sources */ = {isa = PBXBuildFile; fileRef = 48947E6F2C159784006BBAAC /* FirstList.swift */; };
		48947E722C159AB1006BBAAC /* OnboardingSample.swift in Sources */ = {isa = PBXBuildFile; fileRef = 48947E712C159AB1006BBAAC /* OnboardingSample.swift */; };
/* End PBXBuildFile section */

/* Begin PBXFileReference section */
		483CF5392C156499000D7BAB /* Detail.swift */ = {isa = PBXFileReference; lastKnownFileType = sourcecode.swift; path = Detail.swift; sourceTree = "<group>"; };
		483CF53B2C156C9D000D7BAB /* Navigation.swift */ = {isa = PBXFileReference; lastKnownFileType = sourcecode.swift; path = Navigation.swift; sourceTree = "<group>"; };
		483CF53D2C157DCC000D7BAB /* MyTab.swift */ = {isa = PBXFileReference; lastKnownFileType = sourcecode.swift; path = MyTab.swift; sourceTree = "<group>"; };
		483CF53F2C1587F0000D7BAB /* TabDetail.swift */ = {isa = PBXFileReference; lastKnownFileType = sourcecode.swift; path = TabDetail.swift; sourceTree = "<group>"; };
		483CF5412C158B05000D7BAB /* MyApp.swift */ = {isa = PBXFileReference; lastKnownFileType = sourcecode.swift; path = MyApp.swift; sourceTree = "<group>"; };
		487B6D4D2C13FE8300C4CC4F /* WarmUp.app */ = {isa = PBXFileReference; explicitFileType = wrapper.application; includeInIndex = 0; path = WarmUp.app; sourceTree = BUILT_PRODUCTS_DIR; };
		487B6D502C13FE8300C4CC4F /* WarmUpApp.swift */ = {isa = PBXFileReference; lastKnownFileType = sourcecode.swift; path = WarmUpApp.swift; sourceTree = "<group>"; };
		487B6D522C13FE8300C4CC4F /* ContentView.swift */ = {isa = PBXFileReference; lastKnownFileType = sourcecode.swift; path = ContentView.swift; sourceTree = "<group>"; };
		487B6D542C13FE8400C4CC4F /* Assets.xcassets */ = {isa = PBXFileReference; lastKnownFileType = folder.assetcatalog; path = Assets.xcassets; sourceTree = "<group>"; };
		487B6D572C13FE8400C4CC4F /* Preview Assets.xcassets */ = {isa = PBXFileReference; lastKnownFileType = folder.assetcatalog; path = "Preview Assets.xcassets"; sourceTree = "<group>"; };
		487B6D5E2C14067F00C4CC4F /* SimpleView.swift */ = {isa = PBXFileReference; lastKnownFileType = sourcecode.swift; path = SimpleView.swift; sourceTree = "<group>"; };
		487B6D602C140DDE00C4CC4F /* Layout.swift */ = {isa = PBXFileReference; lastKnownFileType = sourcecode.swift; path = Layout.swift; sourceTree = "<group>"; };
		487B6D632C14135800C4CC4F /* MyButton.swift */ = {isa = PBXFileReference; lastKnownFileType = sourcecode.swift; path = MyButton.swift; sourceTree = "<group>"; };
		487B6D652C145CEC00C4CC4F /* Onboarding.swift */ = {isa = PBXFileReference; lastKnownFileType = sourcecode.swift; path = Onboarding.swift; sourceTree = "<group>"; };
		487B6D682C146EE500C4CC4F /* ListLoop.swift */ = {isa = PBXFileReference; lastKnownFileType = sourcecode.swift; path = ListLoop.swift; sourceTree = "<group>"; };
		487B6D6A2C14940900C4CC4F /* Setting.swift */ = {isa = PBXFileReference; lastKnownFileType = sourcecode.swift; path = Setting.swift; sourceTree = "<group>"; };
		4881CAA32C156288006CACFE /* Modal.swift */ = {isa = PBXFileReference; lastKnownFileType = sourcecode.swift; path = Modal.swift; sourceTree = "<group>"; };
		48947E6F2C159784006BBAAC /* FirstList.swift */ = {isa = PBXFileReference; lastKnownFileType = sourcecode.swift; path = FirstList.swift; sourceTree = "<group>"; };
		48947E712C159AB1006BBAAC /* OnboardingSample.swift */ = {isa = PBXFileReference; lastKnownFileType = sourcecode.swift; path = OnboardingSample.swift; sourceTree = "<group>"; };
/* End PBXFileReference section */

/* Begin PBXFrameworksBuildPhase section */
		487B6D4A2C13FE8300C4CC4F /* Frameworks */ = {
			isa = PBXFrameworksBuildPhase;
			buildActionMask = 2147483647;
			files = (
			);
			runOnlyForDeploymentPostprocessing = 0;
		};
/* End PBXFrameworksBuildPhase section */

/* Begin PBXGroup section */
		483CF5432C159736000D7BAB /* MyApp */ = {
			isa = PBXGroup;
			children = (
				483CF5412C158B05000D7BAB /* MyApp.swift */,
				48947E6F2C159784006BBAAC /* FirstList.swift */,
				48947E712C159AB1006BBAAC /* OnboardingSample.swift */,
			);
			path = MyApp;
			sourceTree = "<group>";
		};
		487B6D442C13FE8300C4CC4F = {
			isa = PBXGroup;
			children = (
				487B6D4F2C13FE8300C4CC4F /* WarmUp */,
				487B6D4E2C13FE8300C4CC4F /* Products */,
			);
			sourceTree = "<group>";
		};
		487B6D4E2C13FE8300C4CC4F /* Products */ = {
			isa = PBXGroup;
			children = (
				487B6D4D2C13FE8300C4CC4F /* WarmUp.app */,
			);
			name = Products;
			sourceTree = "<group>";
		};
		487B6D4F2C13FE8300C4CC4F /* WarmUp */ = {
			isa = PBXGroup;
			children = (
				4881CAA22C156278006CACFE /* 03 */,
				487B6D672C146ED400C4CC4F /* 02 */,
				487B6D622C140E4300C4CC4F /* 01 */,
				487B6D502C13FE8300C4CC4F /* WarmUpApp.swift */,
				487B6D5E2C14067F00C4CC4F /* SimpleView.swift */,
				487B6D522C13FE8300C4CC4F /* ContentView.swift */,
				487B6D542C13FE8400C4CC4F /* Assets.xcassets */,
				487B6D562C13FE8400C4CC4F /* Preview Content */,
			);
			path = WarmUp;
			sourceTree = "<group>";
		};
		487B6D562C13FE8400C4CC4F /* Preview Content */ = {
			isa = PBXGroup;
			children = (
				487B6D572C13FE8400C4CC4F /* Preview Assets.xcassets */,
			);
			path = "Preview Content";
			sourceTree = "<group>";
		};
		487B6D622C140E4300C4CC4F /* 01 */ = {
			isa = PBXGroup;
			children = (
				487B6D602C140DDE00C4CC4F /* Layout.swift */,
				487B6D632C14135800C4CC4F /* MyButton.swift */,
				487B6D652C145CEC00C4CC4F /* Onboarding.swift */,
			);
			path = 01;
			sourceTree = "<group>";
		};
		487B6D672C146ED400C4CC4F /* 02 */ = {
			isa = PBXGroup;
			children = (
				487B6D682C146EE500C4CC4F /* ListLoop.swift */,
				487B6D6A2C14940900C4CC4F /* Setting.swift */,
			);
			path = 02;
			sourceTree = "<group>";
		};
		4881CAA22C156278006CACFE /* 03 */ = {
			isa = PBXGroup;
			children = (
				483CF5432C159736000D7BAB /* MyApp */,
				4881CAA32C156288006CACFE /* Modal.swift */,
				483CF5392C156499000D7BAB /* Detail.swift */,
				483CF53B2C156C9D000D7BAB /* Navigation.swift */,
				483CF53D2C157DCC000D7BAB /* MyTab.swift */,
				483CF53F2C1587F0000D7BAB /* TabDetail.swift */,
			);
			path = 03;
			sourceTree = "<group>";
		};
/* End PBXGroup section */

/* Begin PBXNativeTarget section */
		487B6D4C2C13FE8300C4CC4F /* WarmUp */ = {
			isa = PBXNativeTarget;
			buildConfigurationList = 487B6D5B2C13FE8400C4CC4F /* Build configuration list for PBXNativeTarget "WarmUp" */;
			buildPhases = (
				487B6D492C13FE8300C4CC4F /* Sources */,
				487B6D4A2C13FE8300C4CC4F /* Frameworks */,
				487B6D4B2C13FE8300C4CC4F /* Resources */,
			);
			buildRules = (
			);
			dependencies = (
			);
			name = WarmUp;
			productName = WarmUp;
			productReference = 487B6D4D2C13FE8300C4CC4F /* WarmUp.app */;
			productType = "com.apple.product-type.application";
		};
/* End PBXNativeTarget section */

/* Begin PBXProject section */
		487B6D452C13FE8300C4CC4F /* Project object */ = {
			isa = PBXProject;
			attributes = {
				BuildIndependentTargetsInParallel = 1;
				LastSwiftUpdateCheck = 1540;
				LastUpgradeCheck = 1540;
				TargetAttributes = {
					487B6D4C2C13FE8300C4CC4F = {
						CreatedOnToolsVersion = 15.4;
					};
				};
			};
			buildConfigurationList = 487B6D482C13FE8300C4CC4F /* Build configuration list for PBXProject "WarmUp" */;
			compatibilityVersion = "Xcode 14.0";
			developmentRegion = en;
			hasScannedForEncodings = 0;
			knownRegions = (
				en,
				Base,
			);
			mainGroup = 487B6D442C13FE8300C4CC4F;
			productRefGroup = 487B6D4E2C13FE8300C4CC4F /* Products */;
			projectDirPath = "";
			projectRoot = "";
			targets = (
				487B6D4C2C13FE8300C4CC4F /* WarmUp */,
			);
		};
/* End PBXProject section */

/* Begin PBXResourcesBuildPhase section */
		487B6D4B2C13FE8300C4CC4F /* Resources */ = {
			isa = PBXResourcesBuildPhase;
			buildActionMask = 2147483647;
			files = (
				487B6D582C13FE8400C4CC4F /* Preview Assets.xcassets in Resources */,
				487B6D552C13FE8400C4CC4F /* Assets.xcassets in Resources */,
			);
			runOnlyForDeploymentPostprocessing = 0;
		};
/* End PBXResourcesBuildPhase section */

/* Begin PBXSourcesBuildPhase section */
		487B6D492C13FE8300C4CC4F /* Sources */ = {
			isa = PBXSourcesBuildPhase;
			buildActionMask = 2147483647;
			files = (
				487B6D662C145CEC00C4CC4F /* Onboarding.swift in Sources */,
				487B6D692C146EE500C4CC4F /* ListLoop.swift in Sources */,
				487B6D532C13FE8300C4CC4F /* ContentView.swift in Sources */,
				483CF53C2C156C9D000D7BAB /* Navigation.swift in Sources */,
				487B6D612C140DDE00C4CC4F /* Layout.swift in Sources */,
				487B6D642C14135800C4CC4F /* MyButton.swift in Sources */,
				48947E722C159AB1006BBAAC /* OnboardingSample.swift in Sources */,
				487B6D5F2C14067F00C4CC4F /* SimpleView.swift in Sources */,
				483CF5422C158B05000D7BAB /* MyApp.swift in Sources */,
				483CF53E2C157DCC000D7BAB /* MyTab.swift in Sources */,
				48947E702C159784006BBAAC /* FirstList.swift in Sources */,
				483CF53A2C156499000D7BAB /* Detail.swift in Sources */,
				487B6D6B2C14940900C4CC4F /* Setting.swift in Sources */,
				4881CAA42C156288006CACFE /* Modal.swift in Sources */,
				483CF5402C1587F0000D7BAB /* TabDetail.swift in Sources */,
				487B6D512C13FE8300C4CC4F /* WarmUpApp.swift in Sources */,
			);
			runOnlyForDeploymentPostprocessing = 0;
		};
/* End PBXSourcesBuildPhase section */

/* Begin XCBuildConfiguration section */
		487B6D592C13FE8400C4CC4F /* Debug */ = {
			isa = XCBuildConfiguration;
			buildSettings = {
				ALWAYS_SEARCH_USER_PATHS = NO;
				ASSETCATALOG_COMPILER_GENERATE_SWIFT_ASSET_SYMBOL_EXTENSIONS = YES;
				CLANG_ANALYZER_NONNULL = YES;
				CLANG_ANALYZER_NUMBER_OBJECT_CONVERSION = YES_AGGRESSIVE;
				CLANG_CXX_LANGUAGE_STANDARD = "gnu++20";
				CLANG_ENABLE_MODULES = YES;
				CLANG_ENABLE_OBJC_ARC = YES;
				CLANG_ENABLE_OBJC_WEAK = YES;
				CLANG_WARN_BLOCK_CAPTURE_AUTORELEASING = YES;
				CLANG_WARN_BOOL_CONVERSION = YES;
				CLANG_WARN_COMMA = YES;
				CLANG_WARN_CONSTANT_CONVERSION = YES;
				CLANG_WARN_DEPRECATED_OBJC_IMPLEMENTATIONS = YES;
				CLANG_WARN_DIRECT_OBJC_ISA_USAGE = YES_ERROR;
				CLANG_WARN_DOCUMENTATION_COMMENTS = YES;
				CLANG_WARN_EMPTY_BODY = YES;
				CLANG_WARN_ENUM_CONVERSION = YES;
				CLANG_WARN_INFINITE_RECURSION = YES;
				CLANG_WARN_INT_CONVERSION = YES;
				CLANG_WARN_NON_LITERAL_NULL_CONVERSION = YES;
				CLANG_WARN_OBJC_IMPLICIT_RETAIN_SELF = YES;
				CLANG_WARN_OBJC_LITERAL_CONVERSION = YES;
				CLANG_WARN_OBJC_ROOT_CLASS = YES_ERROR;
				CLANG_WARN_QUOTED_INCLUDE_IN_FRAMEWORK_HEADER = YES;
				CLANG_WARN_RANGE_LOOP_ANALYSIS = YES;
				CLANG_WARN_STRICT_PROTOTYPES = YES;
				CLANG_WARN_SUSPICIOUS_MOVE = YES;
				CLANG_WARN_UNGUARDED_AVAILABILITY = YES_AGGRESSIVE;
				CLANG_WARN_UNREACHABLE_CODE = YES;
				CLANG_WARN__DUPLICATE_METHOD_MATCH = YES;
				COPY_PHASE_STRIP = NO;
				DEBUG_INFORMATION_FORMAT = dwarf;
				ENABLE_STRICT_OBJC_MSGSEND = YES;
				ENABLE_TESTABILITY = YES;
				ENABLE_USER_SCRIPT_SANDBOXING = YES;
				GCC_C_LANGUAGE_STANDARD = gnu17;
				GCC_DYNAMIC_NO_PIC = NO;
				GCC_NO_COMMON_BLOCKS = YES;
				GCC_OPTIMIZATION_LEVEL = 0;
				GCC_PREPROCESSOR_DEFINITIONS = (
					"DEBUG=1",
					"$(inherited)",
				);
				GCC_WARN_64_TO_32_BIT_CONVERSION = YES;
				GCC_WARN_ABOUT_RETURN_TYPE = YES_ERROR;
				GCC_WARN_UNDECLARED_SELECTOR = YES;
				GCC_WARN_UNINITIALIZED_AUTOS = YES_AGGRESSIVE;
				GCC_WARN_UNUSED_FUNCTION = YES;
				GCC_WARN_UNUSED_VARIABLE = YES;
				IPHONEOS_DEPLOYMENT_TARGET = 17.5;
				LOCALIZATION_PREFERS_STRING_CATALOGS = YES;
				MTL_ENABLE_DEBUG_INFO = INCLUDE_SOURCE;
				MTL_FAST_MATH = YES;
				ONLY_ACTIVE_ARCH = YES;
				SDKROOT = iphoneos;
				SWIFT_ACTIVE_COMPILATION_CONDITIONS = "DEBUG $(inherited)";
				SWIFT_OPTIMIZATION_LEVEL = "-Onone";
			};
			name = Debug;
		};
		487B6D5A2C13FE8400C4CC4F /* Release */ = {
			isa = XCBuildConfiguration;
			buildSettings = {
				ALWAYS_SEARCH_USER_PATHS = NO;
				ASSETCATALOG_COMPILER_GENERATE_SWIFT_ASSET_SYMBOL_EXTENSIONS = YES;
				CLANG_ANALYZER_NONNULL = YES;
				CLANG_ANALYZER_NUMBER_OBJECT_CONVERSION = YES_AGGRESSIVE;
				CLANG_CXX_LANGUAGE_STANDARD = "gnu++20";
				CLANG_ENABLE_MODULES = YES;
				CLANG_ENABLE_OBJC_ARC = YES;
				CLANG_ENABLE_OBJC_WEAK = YES;
				CLANG_WARN_BLOCK_CAPTURE_AUTORELEASING = YES;
				CLANG_WARN_BOOL_CONVERSION = YES;
				CLANG_WARN_COMMA = YES;
				CLANG_WARN_CONSTANT_CONVERSION = YES;
				CLANG_WARN_DEPRECATED_OBJC_IMPLEMENTATIONS = YES;
				CLANG_WARN_DIRECT_OBJC_ISA_USAGE = YES_ERROR;
				CLANG_WARN_DOCUMENTATION_COMMENTS = YES;
				CLANG_WARN_EMPTY_BODY = YES;
				CLANG_WARN_ENUM_CONVERSION = YES;
				CLANG_WARN_INFINITE_RECURSION = YES;
				CLANG_WARN_INT_CONVERSION = YES;
				CLANG_WARN_NON_LITERAL_NULL_CONVERSION = YES;
				CLANG_WARN_OBJC_IMPLICIT_RETAIN_SELF = YES;
				CLANG_WARN_OBJC_LITERAL_CONVERSION = YES;
				CLANG_WARN_OBJC_ROOT_CLASS = YES_ERROR;
				CLANG_WARN_QUOTED_INCLUDE_IN_FRAMEWORK_HEADER = YES;
				CLANG_WARN_RANGE_LOOP_ANALYSIS = YES;
				CLANG_WARN_STRICT_PROTOTYPES = YES;
				CLANG_WARN_SUSPICIOUS_MOVE = YES;
				CLANG_WARN_UNGUARDED_AVAILABILITY = YES_AGGRESSIVE;
				CLANG_WARN_UNREACHABLE_CODE = YES;
				CLANG_WARN__DUPLICATE_METHOD_MATCH = YES;
				COPY_PHASE_STRIP = NO;
				DEBUG_INFORMATION_FORMAT = "dwarf-with-dsym";
				ENABLE_NS_ASSERTIONS = NO;
				ENABLE_STRICT_OBJC_MSGSEND = YES;
				ENABLE_USER_SCRIPT_SANDBOXING = YES;
				GCC_C_LANGUAGE_STANDARD = gnu17;
				GCC_NO_COMMON_BLOCKS = YES;
				GCC_WARN_64_TO_32_BIT_CONVERSION = YES;
				GCC_WARN_ABOUT_RETURN_TYPE = YES_ERROR;
				GCC_WARN_UNDECLARED_SELECTOR = YES;
				GCC_WARN_UNINITIALIZED_AUTOS = YES_AGGRESSIVE;
				GCC_WARN_UNUSED_FUNCTION = YES;
				GCC_WARN_UNUSED_VARIABLE = YES;
				IPHONEOS_DEPLOYMENT_TARGET = 17.5;
				LOCALIZATION_PREFERS_STRING_CATALOGS = YES;
				MTL_ENABLE_DEBUG_INFO = NO;
				MTL_FAST_MATH = YES;
				SDKROOT = iphoneos;
				SWIFT_COMPILATION_MODE = wholemodule;
				VALIDATE_PRODUCT = YES;
			};
			name = Release;
		};
		487B6D5C2C13FE8400C4CC4F /* Debug */ = {
			isa = XCBuildConfiguration;
			buildSettings = {
				ASSETCATALOG_COMPILER_APPICON_NAME = AppIcon;
				ASSETCATALOG_COMPILER_GLOBAL_ACCENT_COLOR_NAME = AccentColor;
				CODE_SIGN_STYLE = Automatic;
				CURRENT_PROJECT_VERSION = 1;
				DEVELOPMENT_ASSET_PATHS = "\"WarmUp/Preview Content\"";
				DEVELOPMENT_TEAM = CPH2R74P9R;
				ENABLE_PREVIEWS = YES;
				GENERATE_INFOPLIST_FILE = YES;
				INFOPLIST_KEY_UIApplicationSceneManifest_Generation = YES;
				INFOPLIST_KEY_UIApplicationSupportsIndirectInputEvents = YES;
				INFOPLIST_KEY_UILaunchScreen_Generation = YES;
				INFOPLIST_KEY_UISupportedInterfaceOrientations_iPad = "UIInterfaceOrientationPortrait UIInterfaceOrientationPortraitUpsideDown UIInterfaceOrientationLandscapeLeft UIInterfaceOrientationLandscapeRight";
				INFOPLIST_KEY_UISupportedInterfaceOrientations_iPhone = "UIInterfaceOrientationPortrait UIInterfaceOrientationLandscapeLeft UIInterfaceOrientationLandscapeRight";
				LD_RUNPATH_SEARCH_PATHS = (
					"$(inherited)",
					"@executable_path/Frameworks",
				);
				MARKETING_VERSION = 1.0;
				PRODUCT_BUNDLE_IDENTIFIER = com.fastCampus.WarmUp;
				PRODUCT_NAME = "$(TARGET_NAME)";
				SWIFT_EMIT_LOC_STRINGS = YES;
				SWIFT_VERSION = 5.0;
				TARGETED_DEVICE_FAMILY = "1,2";
			};
			name = Debug;
		};
		487B6D5D2C13FE8400C4CC4F /* Release */ = {
			isa = XCBuildConfiguration;
			buildSettings = {
				ASSETCATALOG_COMPILER_APPICON_NAME = AppIcon;
				ASSETCATALOG_COMPILER_GLOBAL_ACCENT_COLOR_NAME = AccentColor;
				CODE_SIGN_STYLE = Automatic;
				CURRENT_PROJECT_VERSION = 1;
				DEVELOPMENT_ASSET_PATHS = "\"WarmUp/Preview Content\"";
				DEVELOPMENT_TEAM = CPH2R74P9R;
				ENABLE_PREVIEWS = YES;
				GENERATE_INFOPLIST_FILE = YES;
				INFOPLIST_KEY_UIApplicationSceneManifest_Generation = YES;
				INFOPLIST_KEY_UIApplicationSupportsIndirectInputEvents = YES;
				INFOPLIST_KEY_UILaunchScreen_Generation = YES;
				INFOPLIST_KEY_UISupportedInterfaceOrientations_iPad = "UIInterfaceOrientationPortrait UIInterfaceOrientationPortraitUpsideDown UIInterfaceOrientationLandscapeLeft UIInterfaceOrientationLandscapeRight";
				INFOPLIST_KEY_UISupportedInterfaceOrientations_iPhone = "UIInterfaceOrientationPortrait UIInterfaceOrientationLandscapeLeft UIInterfaceOrientationLandscapeRight";
				LD_RUNPATH_SEARCH_PATHS = (
					"$(inherited)",
					"@executable_path/Frameworks",
				);
				MARKETING_VERSION = 1.0;
				PRODUCT_BUNDLE_IDENTIFIER = com.fastCampus.WarmUp;
				PRODUCT_NAME = "$(TARGET_NAME)";
				SWIFT_EMIT_LOC_STRINGS = YES;
				SWIFT_VERSION = 5.0;
				TARGETED_DEVICE_FAMILY = "1,2";
			};
			name = Release;
		};
/* End XCBuildConfiguration section */

/* Begin XCConfigurationList section */
		487B6D482C13FE8300C4CC4F /* Build configuration list for PBXProject "WarmUp" */ = {
			isa = XCConfigurationList;
			buildConfigurations = (
				487B6D592C13FE8400C4CC4F /* Debug */,
				487B6D5A2C13FE8400C4CC4F /* Release */,
			);
			defaultConfigurationIsVisible = 0;
			defaultConfigurationName = Release;
		};
		487B6D5B2C13FE8400C4CC4F /* Build configuration list for PBXNativeTarget "WarmUp" */ = {
			isa = XCConfigurationList;
			buildConfigurations = (
				487B6D5C2C13FE8400C4CC4F /* Debug */,
				487B6D5D2C13FE8400C4CC4F /* Release */,
			);
			defaultConfigurationIsVisible = 0;
			defaultConfigurationName = Release;
		};
/* End XCConfigurationList section */
	};
	rootObject = 487B6D452C13FE8300C4CC4F /* Project object */;
}
